
Microsoft Visual Studio Solution File, Format Version 12.00
# Visual Studio Version 16
VisualStudioVersion = 16.0.32602.291
MinimumVisualStudioVersion = 10.0.40219.1
Project("{8BC9CEB8-8B4A-11D0-8D11-00A0C91BC942}") = "BinaryTreeSFML", "BinaryTreeSFML.vcxproj", "{6B43ED3C-A2B3-4059-B1E2-F8C2DC4B75C0}"
EndProject
Global
	GlobalSection(SolutionConfigurationPlatforms) = preSolution
		Debug|x64 = Debug|x64
		Debug|x86 = Debug|x86
		Release|x64 = Release|x64
		Release|x86 = Release|x86
	EndGlobalSection
	GlobalSection(ProjectConfigurationPlatforms) = postSolution
		{6B43ED3C-A2B3-4059-B1E2-F8C2DC4B75C0}.Debug|x64.ActiveCfg = Debug|x64
		{6B43ED3C-A2B3-4059-B1E2-F8C2DC4B75C0}.Debug|x64.Build.0 = Debug|x64
		{6B43ED3C-A2B3-4059-B1E2-F8C2DC4B75C0}.Debug|x86.ActiveCfg = Debug|Win32
		{6B43ED3C-A2B3-4059-B1E2-F8C2DC4B75C0}.Debug|x86.Build.0 = Debug|Win32
		{6B43ED3C-A2B3-4059-B1E2-F8C2DC4B75C0}.Release|x64.ActiveCfg = Release|x64
		{6B43ED3C-A2B3-4059-B1E2-F8C2DC4B75C0}.Release|x64.Build.0 = Release|x64
		{6B43ED3C-A2B3-4059-B1E2-F8C2DC4B75C0}.Release|x86.ActiveCfg = Release|Win32
		{6B43ED3C-A2B3-4059-B1E2-F8C2DC4B75C0}.Release|x86.Build.0 = Release|Win32
	EndGlobalSection
	GlobalSection(SolutionProperties) = preSolution
		HideSolutionNode = FALSE
	EndGlobalSection
	GlobalSection(ExtensibilityGlobals) = postSolution
		SolutionGuid = {278C4831-C291-4104-A16F-347A28C514B7}
	EndGlobalSection
EndGlobal
